// !$*UTF8*$!
{
	archiveVersion = 1;
	classes = {
	};
	objectVersion = 50;
	objects = {

/* Begin PBXBuildFile section */
		42884E232529ADD10051C38B /* AppDelegate.swift in Sources */ = {isa = PBXBuildFile; fileRef = 42884E222529ADD10051C38B /* AppDelegate.swift */; };
		42884E252529ADD10051C38B /* SceneDelegate.swift in Sources */ = {isa = PBXBuildFile; fileRef = 42884E242529ADD10051C38B /* SceneDelegate.swift */; };
		42884E272529ADD10051C38B /* ViewController.swift in Sources */ = {isa = PBXBuildFile; fileRef = 42884E262529ADD10051C38B /* ViewController.swift */; };
		42884E2A2529ADD10051C38B /* Main.storyboard in Resources */ = {isa = PBXBuildFile; fileRef = 42884E282529ADD10051C38B /* Main.storyboard */; };
		42884E2C2529ADD20051C38B /* Assets.xcassets in Resources */ = {isa = PBXBuildFile; fileRef = 42884E2B2529ADD20051C38B /* Assets.xcassets */; };
		42884E2F2529ADD20051C38B /* LaunchScreen.storyboard in Resources */ = {isa = PBXBuildFile; fileRef = 42884E2D2529ADD20051C38B /* LaunchScreen.storyboard */; };
		42D8B6182529B56A009B2629 /* A.wav in Resources */ = {isa = PBXBuildFile; fileRef = 42D8B6112529B56A009B2629 /* A.wav */; };
		42D8B6192529B56A009B2629 /* C.wav in Resources */ = {isa = PBXBuildFile; fileRef = 42D8B6122529B56A009B2629 /* C.wav */; };
		42D8B61A2529B56A009B2629 /* B.wav in Resources */ = {isa = PBXBuildFile; fileRef = 42D8B6132529B56A009B2629 /* B.wav */; };
		42D8B61B2529B56A009B2629 /* F.wav in Resources */ = {isa = PBXBuildFile; fileRef = 42D8B6142529B56A009B2629 /* F.wav */; };
		42D8B61C2529B56A009B2629 /* G.wav in Resources */ = {isa = PBXBuildFile; fileRef = 42D8B6152529B56A009B2629 /* G.wav */; };
		42D8B61D2529B56A009B2629 /* E.wav in Resources */ = {isa = PBXBuildFile; fileRef = 42D8B6162529B56A009B2629 /* E.wav */; };
		42D8B61E2529B56A009B2629 /* D.wav in Resources */ = {isa = PBXBuildFile; fileRef = 42D8B6172529B56A009B2629 /* D.wav */; };
/* End PBXBuildFile section */

/* Begin PBXFileReference section */
		42884E1F2529ADD10051C38B /* Sound Piano.app */ = {isa = PBXFileReference; explicitFileType = wrapper.application; includeInIndex = 0; path = "Sound Piano.app"; sourceTree = BUILT_PRODUCTS_DIR; };
		42884E222529ADD10051C38B /* AppDelegate.swift */ = {isa = PBXFileReference; lastKnownFileType = sourcecode.swift; path = AppDelegate.swift; sourceTree = "<group>"; };
		42884E242529ADD10051C38B /* SceneDelegate.swift */ = {isa = PBXFileReference; lastKnownFileType = sourcecode.swift; path = SceneDelegate.swift; sourceTree = "<group>"; };
		42884E262529ADD10051C38B /* ViewController.swift */ = {isa = PBXFileReference; lastKnownFileType = sourcecode.swift; path = ViewController.swift; sourceTree = "<group>"; };
		42884E292529ADD10051C38B /* Base */ = {isa = PBXFileReference; lastKnownFileType = file.storyboard; name = Base; path = Base.lproj/Main.storyboard; sourceTree = "<group>"; };
		42884E2B2529ADD20051C38B /* Assets.xcassets */ = {isa = PBXFileReference; lastKnownFileType = folder.assetcatalog; path = Assets.xcassets; sourceTree = "<group>"; };
		42884E2E2529ADD20051C38B /* Base */ = {isa = PBXFileReference; lastKnownFileType = file.storyboard; name = Base; path = Base.lproj/LaunchScreen.storyboard; sourceTree = "<group>"; };
		42884E302529ADD20051C38B /* Info.plist */ = {isa = PBXFileReference; lastKnownFileType = text.plist.xml; path = Info.plist; sourceTree = "<group>"; };
		42D8B6112529B56A009B2629 /* A.wav */ = {isa = PBXFileReference; lastKnownFileType = audio.wav; path = A.wav; sourceTree = "<group>"; };
		42D8B6122529B56A009B2629 /* C.wav */ = {isa = PBXFileReference; lastKnownFileType = audio.wav; path = C.wav; sourceTree = "<group>"; };
		42D8B6132529B56A009B2629 /* B.wav */ = {isa = PBXFileReference; lastKnownFileType = audio.wav; path = B.wav; sourceTree = "<group>"; };
		42D8B6142529B56A009B2629 /* F.wav */ = {isa = PBXFileReference; lastKnownFileType = audio.wav; path = F.wav; sourceTree = "<group>"; };
		42D8B6152529B56A009B2629 /* G.wav */ = {isa = PBXFileReference; lastKnownFileType = audio.wav; path = G.wav; sourceTree = "<group>"; };
		42D8B6162529B56A009B2629 /* E.wav */ = {isa = PBXFileReference; lastKnownFileType = audio.wav; path = E.wav; sourceTree = "<group>"; };
		42D8B6172529B56A009B2629 /* D.wav */ = {isa = PBXFileReference; lastKnownFileType = audio.wav; path = D.wav; sourceTree = "<group>"; };
/* End PBXFileReference section */

/* Begin PBXFrameworksBuildPhase section */
		42884E1C2529ADD10051C38B /* Frameworks */ = {
			isa = PBXFrameworksBuildPhase;
			buildActionMask = 2147483647;
			files = (
			);
			runOnlyForDeploymentPostprocessing = 0;
		};
/* End PBXFrameworksBuildPhase section */

/* Begin PBXGroup section */
		42884E162529ADD10051C38B = {
			isa = PBXGroup;
			children = (
				42884E212529ADD10051C38B /* Sound Piano */,
				42884E202529ADD10051C38B /* Products */,
			);
			sourceTree = "<group>";
		};
		42884E202529ADD10051C38B /* Products */ = {
			isa = PBXGroup;
			children = (
				42884E1F2529ADD10051C38B /* Sound Piano.app */,
			);
			name = Products;
			sourceTree = "<group>";
		};
		42884E212529ADD10051C38B /* Sound Piano */ = {
			isa = PBXGroup;
			children = (
				42884E222529ADD10051C38B /* AppDelegate.swift */,
				42884E242529ADD10051C38B /* SceneDelegate.swift */,
				42884E262529ADD10051C38B /* ViewController.swift */,
				42884E282529ADD10051C38B /* Main.storyboard */,
				42884E2B2529ADD20051C38B /* Assets.xcassets */,
				42884E2D2529ADD20051C38B /* LaunchScreen.storyboard */,
				42884E302529ADD20051C38B /* Info.plist */,
				42D8B6102529B56A009B2629 /* Sounds */,
			);
			path = "Sound Piano";
			sourceTree = "<group>";
		};
		42D8B6102529B56A009B2629 /* Sounds */ = {
			isa = PBXGroup;
			children = (
				42D8B6112529B56A009B2629 /* A.wav */,
				42D8B6122529B56A009B2629 /* C.wav */,
				42D8B6132529B56A009B2629 /* B.wav */,
				42D8B6142529B56A009B2629 /* F.wav */,
				42D8B6152529B56A009B2629 /* G.wav */,
				42D8B6162529B56A009B2629 /* E.wav */,
				42D8B6172529B56A009B2629 /* D.wav */,
			);
			path = Sounds;
			sourceTree = "<group>";
		};
/* End PBXGroup section */

/* Begin PBXNativeTarget section */
		42884E1E2529ADD10051C38B /* Sound Piano */ = {
			isa = PBXNativeTarget;
			buildConfigurationList = 42884E332529ADD20051C38B /* Build configuration list for PBXNativeTarget "Sound Piano" */;
			buildPhases = (
				42884E1B2529ADD10051C38B /* Sources */,
				42884E1C2529ADD10051C38B /* Frameworks */,
				42884E1D2529ADD10051C38B /* Resources */,
			);
			buildRules = (
			);
			dependencies = (
			);
			name = "Sound Piano";
			productName = "Sound Piano";
			productReference = 42884E1F2529ADD10051C38B /* Sound Piano.app */;
			productType = "com.apple.product-type.application";
		};
/* End PBXNativeTarget section */

/* Begin PBXProject section */
		42884E172529ADD10051C38B /* Project object */ = {
			isa = PBXProject;
			attributes = {
				LastSwiftUpdateCheck = 1200;
				LastUpgradeCheck = 1200;
				TargetAttributes = {
					42884E1E2529ADD10051C38B = {
						CreatedOnToolsVersion = 12.0.1;
					};
				};
			};
			buildConfigurationList = 42884E1A2529ADD10051C38B /* Build configuration list for PBXProject "Sound Piano" */;
			compatibilityVersion = "Xcode 9.3";
			developmentRegion = en;
			hasScannedForEncodings = 0;
			knownRegions = (
				en,
				Base,
			);
			mainGroup = 42884E162529ADD10051C38B;
			productRefGroup = 42884E202529ADD10051C38B /* Products */;
			projectDirPath = "";
			projectRoot = "";
			targets = (
				42884E1E2529ADD10051C38B /* Sound Piano */,
			);
		};
/* End PBXProject section */

/* Begin PBXResourcesBuildPhase section */
		42884E1D2529ADD10051C38B /* Resources */ = {
			isa = PBXResourcesBuildPhase;
			buildActionMask = 2147483647;
			files = (
				42D8B61C2529B56A009B2629 /* G.wav in Resources */,
				42884E2F2529ADD20051C38B /* LaunchScreen.storyboard in Resources */,
				42D8B61B2529B56A009B2629 /* F.wav in Resources */,
				42884E2C2529ADD20051C38B /* Assets.xcassets in Resources */,
				42D8B6182529B56A009B2629 /* A.wav in Resources */,
				42D8B61A2529B56A009B2629 /* B.wav in Resources */,
				42D8B61D2529B56A009B2629 /* E.wav in Resources */,
				42D8B61E2529B56A009B2629 /* D.wav in Resources */,
				42884E2A2529ADD10051C38B /* Main.storyboard in Resources */,
				42D8B6192529B56A009B2629 /* C.wav in Resources */,
			);
			runOnlyForDeploymentPostprocessing = 0;
		};
/* End PBXResourcesBuildPhase section */

/* Begin PBXSourcesBuildPhase section */
		42884E1B2529ADD10051C38B /* Sources */ = {
			isa = PBXSourcesBuildPhase;
			buildActionMask = 2147483647;
			files = (
				42884E272529ADD10051C38B /* ViewController.swift in Sources */,
				42884E232529ADD10051C38B /* AppDelegate.swift in Sources */,
				42884E252529ADD10051C38B /* SceneDelegate.swift in Sources */,
			);
			runOnlyForDeploymentPostprocessing = 0;
		};
/* End PBXSourcesBuildPhase section */

/* Begin PBXVariantGroup section */
		42884E282529ADD10051C38B /* Main.storyboard */ = {
			isa = PBXVariantGroup;
			children = (
				42884E292529ADD10051C38B /* Base */,
			);
			name = Main.storyboard;
			sourceTree = "<group>";
		};
		42884E2D2529ADD20051C38B /* LaunchScreen.storyboard */ = {
			isa = PBXVariantGroup;
			children = (
				42884E2E2529ADD20051C38B /* Base */,
			);
			name = LaunchScreen.storyboard;
			sourceTree = "<group>";
		};
/* End PBXVariantGroup section */

/* Begin XCBuildConfiguration section */
		42884E312529ADD20051C38B /* Debug */ = {
			isa = XCBuildConfiguration;
			buildSettings = {
				ALWAYS_SEARCH_USER_PATHS = NO;
				CLANG_ANALYZER_NONNULL = YES;
				CLANG_ANALYZER_NUMBER_OBJECT_CONVERSION = YES_AGGRESSIVE;
				CLANG_CXX_LANGUAGE_STANDARD = "gnu++14";
				CLANG_CXX_LIBRARY = "libc++";
				CLANG_ENABLE_MODULES = YES;
				CLANG_ENABLE_OBJC_ARC = YES;
				CLANG_ENABLE_OBJC_WEAK = YES;
				CLANG_WARN_BLOCK_CAPTURE_AUTORELEASING = YES;
				CLANG_WARN_BOOL_CONVERSION = YES;
				CLANG_WARN_COMMA = YES;
				CLANG_WARN_CONSTANT_CONVERSION = YES;
				CLANG_WARN_DEPRECATED_OBJC_IMPLEMENTATIONS = YES;
				CLANG_WARN_DIRECT_OBJC_ISA_USAGE = YES_ERROR;
				CLANG_WARN_DOCUMENTATION_COMMENTS = YES;
				CLANG_WARN_EMPTY_BODY = YES;
				CLANG_WARN_ENUM_CONVERSION = YES;
				CLANG_WARN_INFINITE_RECURSION = YES;
				CLANG_WARN_INT_CONVERSION = YES;
				CLANG_WARN_NON_LITERAL_NULL_CONVERSION = YES;
				CLANG_WARN_OBJC_IMPLICIT_RETAIN_SELF = YES;
				CLANG_WARN_OBJC_LITERAL_CONVERSION = YES;
				CLANG_WARN_OBJC_ROOT_CLASS = YES_ERROR;
				CLANG_WARN_QUOTED_INCLUDE_IN_FRAMEWORK_HEADER = YES;
				CLANG_WARN_RANGE_LOOP_ANALYSIS = YES;
				CLANG_WARN_STRICT_PROTOTYPES = YES;
				CLANG_WARN_SUSPICIOUS_MOVE = YES;
				CLANG_WARN_UNGUARDED_AVAILABILITY = YES_AGGRESSIVE;
				CLANG_WARN_UNREACHABLE_CODE = YES;
				CLANG_WARN__DUPLICATE_METHOD_MATCH = YES;
				COPY_PHASE_STRIP = NO;
				DEBUG_INFORMATION_FORMAT = dwarf;
				ENABLE_STRICT_OBJC_MSGSEND = YES;
				ENABLE_TESTABILITY = YES;
				GCC_C_LANGUAGE_STANDARD = gnu11;
				GCC_DYNAMIC_NO_PIC = NO;
				GCC_NO_COMMON_BLOCKS = YES;
				GCC_OPTIMIZATION_LEVEL = 0;
				GCC_PREPROCESSOR_DEFINITIONS = (
					"DEBUG=1",
					"$(inherited)",
				);
				GCC_WARN_64_TO_32_BIT_CONVERSION = YES;
				GCC_WARN_ABOUT_RETURN_TYPE = YES_ERROR;
				GCC_WARN_UNDECLARED_SELECTOR = YES;
				GCC_WARN_UNINITIALIZED_AUTOS = YES_AGGRESSIVE;
				GCC_WARN_UNUSED_FUNCTION = YES;
				GCC_WARN_UNUSED_VARIABLE = YES;
				IPHONEOS_DEPLOYMENT_TARGET = 14.0;
				MTL_ENABLE_DEBUG_INFO = INCLUDE_SOURCE;
				MTL_FAST_MATH = YES;
				ONLY_ACTIVE_ARCH = YES;
				SDKROOT = iphoneos;
				SWIFT_ACTIVE_COMPILATION_CONDITIONS = DEBUG;
				SWIFT_OPTIMIZATION_LEVEL = "-Onone";
			};
			name = Debug;
		};
		42884E322529ADD20051C38B /* Release */ = {
			isa = XCBuildConfiguration;
			buildSettings = {
				ALWAYS_SEARCH_USER_PATHS = NO;
				CLANG_ANALYZER_NONNULL = YES;
				CLANG_ANALYZER_NUMBER_OBJECT_CONVERSION = YES_AGGRESSIVE;
				CLANG_CXX_LANGUAGE_STANDARD = "gnu++14";
				CLANG_CXX_LIBRARY = "libc++";
				CLANG_ENABLE_MODULES = YES;
				CLANG_ENABLE_OBJC_ARC = YES;
				CLANG_ENABLE_OBJC_WEAK = YES;
				CLANG_WARN_BLOCK_CAPTURE_AUTORELEASING = YES;
				CLANG_WARN_BOOL_CONVERSION = YES;
				CLANG_WARN_COMMA = YES;
				CLANG_WARN_CONSTANT_CONVERSION = YES;
				CLANG_WARN_DEPRECATED_OBJC_IMPLEMENTATIONS = YES;
				CLANG_WARN_DIRECT_OBJC_ISA_USAGE = YES_ERROR;
				CLANG_WARN_DOCUMENTATION_COMMENTS = YES;
				CLANG_WARN_EMPTY_BODY = YES;
				CLANG_WARN_ENUM_CONVERSION = YES;
				CLANG_WARN_INFINITE_RECURSION = YES;
				CLANG_WARN_INT_CONVERSION = YES;
				CLANG_WARN_NON_LITERAL_NULL_CONVERSION = YES;
				CLANG_WARN_OBJC_IMPLICIT_RETAIN_SELF = YES;
				CLANG_WARN_OBJC_LITERAL_CONVERSION = YES;
				CLANG_WARN_OBJC_ROOT_CLASS = YES_ERROR;
				CLANG_WARN_QUOTED_INCLUDE_IN_FRAMEWORK_HEADER = YES;
				CLANG_WARN_RANGE_LOOP_ANALYSIS = YES;
				CLANG_WARN_STRICT_PROTOTYPES = YES;
				CLANG_WARN_SUSPICIOUS_MOVE = YES;
				CLANG_WARN_UNGUARDED_AVAILABILITY = YES_AGGRESSIVE;
				CLANG_WARN_UNREACHABLE_CODE = YES;
				CLANG_WARN__DUPLICATE_METHOD_MATCH = YES;
				COPY_PHASE_STRIP = NO;
				DEBUG_INFORMATION_FORMAT = "dwarf-with-dsym";
				ENABLE_NS_ASSERTIONS = NO;
				ENABLE_STRICT_OBJC_MSGSEND = YES;
				GCC_C_LANGUAGE_STANDARD = gnu11;
				GCC_NO_COMMON_BLOCKS = YES;
				GCC_WARN_64_TO_32_BIT_CONVERSION = YES;
				GCC_WARN_ABOUT_RETURN_TYPE = YES_ERROR;
				GCC_WARN_UNDECLARED_SELECTOR = YES;
				GCC_WARN_UNINITIALIZED_AUTOS = YES_AGGRESSIVE;
				GCC_WARN_UNUSED_FUNCTION = YES;
				GCC_WARN_UNUSED_VARIABLE = YES;
				IPHONEOS_DEPLOYMENT_TARGET = 14.0;
				MTL_ENABLE_DEBUG_INFO = NO;
				MTL_FAST_MATH = YES;
				SDKROOT = iphoneos;
				SWIFT_COMPILATION_MODE = wholemodule;
				SWIFT_OPTIMIZATION_LEVEL = "-O";
				VALIDATE_PRODUCT = YES;
			};
			name = Release;
		};
		42884E342529ADD20051C38B /* Debug */ = {
			isa = XCBuildConfiguration;
			buildSettings = {
				ASSETCATALOG_COMPILER_APPICON_NAME = AppIcon;
				ASSETCATALOG_COMPILER_GLOBAL_ACCENT_COLOR_NAME = AccentColor;
				CODE_SIGN_STYLE = Automatic;
				INFOPLIST_FILE = "Sound Piano/Info.plist";
				LD_RUNPATH_SEARCH_PATHS = (
					"$(inherited)",
					"@executable_path/Frameworks",
				);
				PRODUCT_BUNDLE_IDENTIFIER = "co.saifur.Sound-Piano";
				PRODUCT_NAME = "$(TARGET_NAME)";
				SWIFT_VERSION = 5.0;
				TARGETED_DEVICE_FAMILY = "1,2";
			};
			name = Debug;
		};
		42884E352529ADD20051C38B /* Release */ = {
			isa = XCBuildConfiguration;
			buildSettings = {
				ASSETCATALOG_COMPILER_APPICON_NAME = AppIcon;
				ASSETCATALOG_COMPILER_GLOBAL_ACCENT_COLOR_NAME = AccentColor;
				CODE_SIGN_STYLE = Automatic;
				INFOPLIST_FILE = "Sound Piano/Info.plist";
				LD_RUNPATH_SEARCH_PATHS = (
					"$(inherited)",
					"@executable_path/Frameworks",
				);
				PRODUCT_BUNDLE_IDENTIFIER = "co.saifur.Sound-Piano";
				PRODUCT_NAME = "$(TARGET_NAME)";
				SWIFT_VERSION = 5.0;
				TARGETED_DEVICE_FAMILY = "1,2";
			};
			name = Release;
		};
/* End XCBuildConfiguration section */

/* Begin XCConfigurationList section */
		42884E1A2529ADD10051C38B /* Build configuration list for PBXProject "Sound Piano" */ = {
			isa = XCConfigurationList;
			buildConfigurations = (
				42884E312529ADD20051C38B /* Debug */,
				42884E322529ADD20051C38B /* Release */,
			);
			defaultConfigurationIsVisible = 0;
			defaultConfigurationName = Release;
		};
		42884E332529ADD20051C38B /* Build configuration list for PBXNativeTarget "Sound Piano" */ = {
			isa = XCConfigurationList;
			buildConfigurations = (
				42884E342529ADD20051C38B /* Debug */,
				42884E352529ADD20051C38B /* Release */,
			);
			defaultConfigurationIsVisible = 0;
			defaultConfigurationName = Release;
		};
/* End XCConfigurationList section */
	};
	rootObject = 42884E172529ADD10051C38B /* Project object */;
}
